
Microsoft Visual Studio Solution File, Format Version 12.00
# Visual Studio Version 17
VisualStudioVersion = 17.3.32929.385
MinimumVisualStudioVersion = 10.0.40219.1
Project("{9A19103F-16F7-4668-BE54-9A1E7A4F7556}") = "rodnécislo", "rodnécislo\rodnécislo.csproj", "{1FBDBF50-DFAA-40B2-B3F5-938B7A687CF7}"
EndProject
Project("{2150E333-8FDC-42A3-9474-1A3956D46DE8}") = "Položky řešení", "Položky řešení", "{1F9081DE-C17E-49B0-A367-C999A7CE5E17}"
EndProject
Project("{2150E333-8FDC-42A3-9474-1A3956D46DE8}") = "Solution Items", "Solution Items", "{C2004730-DF62-4C57-A855-5AC7C81E10D8}"
	ProjectSection(SolutionItems) = preProject
		.editorconfig = .editorconfig
	EndProjectSection
EndProject
Global
	GlobalSection(SolutionConfigurationPlatforms) = preSolution
		Debug|Any CPU = Debug|Any CPU
		Release|Any CPU = Release|Any CPU
	EndGlobalSection
	GlobalSection(ProjectConfigurationPlatforms) = postSolution
		{1FBDBF50-DFAA-40B2-B3F5-938B7A687CF7}.Debug|Any CPU.ActiveCfg = Debug|Any CPU
		{1FBDBF50-DFAA-40B2-B3F5-938B7A687CF7}.Debug|Any CPU.Build.0 = Debug|Any CPU
		{1FBDBF50-DFAA-40B2-B3F5-938B7A687CF7}.Release|Any CPU.ActiveCfg = Release|Any CPU
		{1FBDBF50-DFAA-40B2-B3F5-938B7A687CF7}.Release|Any CPU.Build.0 = Release|Any CPU
	EndGlobalSection
	GlobalSection(SolutionProperties) = preSolution
		HideSolutionNode = FALSE
	EndGlobalSection
	GlobalSection(ExtensibilityGlobals) = postSolution
		SolutionGuid = {C3B70755-7E7D-4672-8A9B-B0B67E50C536}
	EndGlobalSection
EndGlobal
